// !$*UTF8*$!
{
	archiveVersion = 1;
	classes = {
	};
	objectVersion = 50;
	objects = {

/* Begin PBXBuildFile section */
		98E9016525E97C2C0011185D /* AppDelegate.swift in Sources */ = {isa = PBXBuildFile; fileRef = 98E9016425E97C2C0011185D /* AppDelegate.swift */; };
		98E9016725E97C2C0011185D /* SceneDelegate.swift in Sources */ = {isa = PBXBuildFile; fileRef = 98E9016625E97C2C0011185D /* SceneDelegate.swift */; };
		98E9016925E97C2C0011185D /* ViewController.swift in Sources */ = {isa = PBXBuildFile; fileRef = 98E9016825E97C2C0011185D /* ViewController.swift */; };
		98E9016C25E97C2C0011185D /* Main.storyboard in Resources */ = {isa = PBXBuildFile; fileRef = 98E9016A25E97C2C0011185D /* Main.storyboard */; };
		98E9016E25E97C2D0011185D /* Assets.xcassets in Resources */ = {isa = PBXBuildFile; fileRef = 98E9016D25E97C2D0011185D /* Assets.xcassets */; };
		98E9017125E97C2D0011185D /* LaunchScreen.storyboard in Resources */ = {isa = PBXBuildFile; fileRef = 98E9016F25E97C2D0011185D /* LaunchScreen.storyboard */; };
		98E9017C25E97C2E0011185D /* CalculatorTests.swift in Sources */ = {isa = PBXBuildFile; fileRef = 98E9017B25E97C2E0011185D /* CalculatorTests.swift */; };
		98E9018725E97C2E0011185D /* CalculatorUITests.swift in Sources */ = {isa = PBXBuildFile; fileRef = 98E9018625E97C2E0011185D /* CalculatorUITests.swift */; };
/* End PBXBuildFile section */

/* Begin PBXContainerItemProxy section */
		98E9017825E97C2E0011185D /* PBXContainerItemProxy */ = {
			isa = PBXContainerItemProxy;
			containerPortal = 98E9015925E97C2C0011185D /* Project object */;
			proxyType = 1;
			remoteGlobalIDString = 98E9016025E97C2C0011185D;
			remoteInfo = Calculator;
		};
		98E9018325E97C2E0011185D /* PBXContainerItemProxy */ = {
			isa = PBXContainerItemProxy;
			containerPortal = 98E9015925E97C2C0011185D /* Project object */;
			proxyType = 1;
			remoteGlobalIDString = 98E9016025E97C2C0011185D;
			remoteInfo = Calculator;
		};
/* End PBXContainerItemProxy section */

/* Begin PBXFileReference section */
		98E9016125E97C2C0011185D /* Calculator.app */ = {isa = PBXFileReference; explicitFileType = wrapper.application; includeInIndex = 0; path = Calculator.app; sourceTree = BUILT_PRODUCTS_DIR; };
		98E9016425E97C2C0011185D /* AppDelegate.swift */ = {isa = PBXFileReference; lastKnownFileType = sourcecode.swift; path = AppDelegate.swift; sourceTree = "<group>"; };
		98E9016625E97C2C0011185D /* SceneDelegate.swift */ = {isa = PBXFileReference; lastKnownFileType = sourcecode.swift; path = SceneDelegate.swift; sourceTree = "<group>"; };
		98E9016825E97C2C0011185D /* ViewController.swift */ = {isa = PBXFileReference; lastKnownFileType = sourcecode.swift; path = ViewController.swift; sourceTree = "<group>"; };
		98E9016B25E97C2C0011185D /* Base */ = {isa = PBXFileReference; lastKnownFileType = file.storyboard; name = Base; path = Base.lproj/Main.storyboard; sourceTree = "<group>"; };
		98E9016D25E97C2D0011185D /* Assets.xcassets */ = {isa = PBXFileReference; lastKnownFileType = folder.assetcatalog; path = Assets.xcassets; sourceTree = "<group>"; };
		98E9017025E97C2D0011185D /* Base */ = {isa = PBXFileReference; lastKnownFileType = file.storyboard; name = Base; path = Base.lproj/LaunchScreen.storyboard; sourceTree = "<group>"; };
		98E9017225E97C2D0011185D /* Info.plist */ = {isa = PBXFileReference; lastKnownFileType = text.plist.xml; path = Info.plist; sourceTree = "<group>"; };
		98E9017725E97C2E0011185D /* CalculatorTests.xctest */ = {isa = PBXFileReference; explicitFileType = wrapper.cfbundle; includeInIndex = 0; path = CalculatorTests.xctest; sourceTree = BUILT_PRODUCTS_DIR; };
		98E9017B25E97C2E0011185D /* CalculatorTests.swift */ = {isa = PBXFileReference; lastKnownFileType = sourcecode.swift; path = CalculatorTests.swift; sourceTree = "<group>"; };
		98E9017D25E97C2E0011185D /* Info.plist */ = {isa = PBXFileReference; lastKnownFileType = text.plist.xml; path = Info.plist; sourceTree = "<group>"; };
		98E9018225E97C2E0011185D /* CalculatorUITests.xctest */ = {isa = PBXFileReference; explicitFileType = wrapper.cfbundle; includeInIndex = 0; path = CalculatorUITests.xctest; sourceTree = BUILT_PRODUCTS_DIR; };
		98E9018625E97C2E0011185D /* CalculatorUITests.swift */ = {isa = PBXFileReference; lastKnownFileType = sourcecode.swift; path = CalculatorUITests.swift; sourceTree = "<group>"; };
		98E9018825E97C2E0011185D /* Info.plist */ = {isa = PBXFileReference; lastKnownFileType = text.plist.xml; path = Info.plist; sourceTree = "<group>"; };
/* End PBXFileReference section */

/* Begin PBXFrameworksBuildPhase section */
		98E9015E25E97C2C0011185D /* Frameworks */ = {
			isa = PBXFrameworksBuildPhase;
			buildActionMask = 2147483647;
			files = (
			);
			runOnlyForDeploymentPostprocessing = 0;
		};
		98E9017425E97C2E0011185D /* Frameworks */ = {
			isa = PBXFrameworksBuildPhase;
			buildActionMask = 2147483647;
			files = (
			);
			runOnlyForDeploymentPostprocessing = 0;
		};
		98E9017F25E97C2E0011185D /* Frameworks */ = {
			isa = PBXFrameworksBuildPhase;
			buildActionMask = 2147483647;
			files = (
			);
			runOnlyForDeploymentPostprocessing = 0;
		};
/* End PBXFrameworksBuildPhase section */

/* Begin PBXGroup section */
		98E9015825E97C2C0011185D = {
			isa = PBXGroup;
			children = (
				98E9016325E97C2C0011185D /* Calculator */,
				98E9017A25E97C2E0011185D /* CalculatorTests */,
				98E9018525E97C2E0011185D /* CalculatorUITests */,
				98E9016225E97C2C0011185D /* Products */,
			);
			sourceTree = "<group>";
		};
		98E9016225E97C2C0011185D /* Products */ = {
			isa = PBXGroup;
			children = (
				98E9016125E97C2C0011185D /* Calculator.app */,
				98E9017725E97C2E0011185D /* CalculatorTests.xctest */,
				98E9018225E97C2E0011185D /* CalculatorUITests.xctest */,
			);
			name = Products;
			sourceTree = "<group>";
		};
		98E9016325E97C2C0011185D /* Calculator */ = {
			isa = PBXGroup;
			children = (
				98E9016425E97C2C0011185D /* AppDelegate.swift */,
				98E9016625E97C2C0011185D /* SceneDelegate.swift */,
				98E9016825E97C2C0011185D /* ViewController.swift */,
				98E9016A25E97C2C0011185D /* Main.storyboard */,
				98E9016D25E97C2D0011185D /* Assets.xcassets */,
				98E9016F25E97C2D0011185D /* LaunchScreen.storyboard */,
				98E9017225E97C2D0011185D /* Info.plist */,
			);
			path = Calculator;
			sourceTree = "<group>";
		};
		98E9017A25E97C2E0011185D /* CalculatorTests */ = {
			isa = PBXGroup;
			children = (
				98E9017B25E97C2E0011185D /* CalculatorTests.swift */,
				98E9017D25E97C2E0011185D /* Info.plist */,
			);
			path = CalculatorTests;
			sourceTree = "<group>";
		};
		98E9018525E97C2E0011185D /* CalculatorUITests */ = {
			isa = PBXGroup;
			children = (
				98E9018625E97C2E0011185D /* CalculatorUITests.swift */,
				98E9018825E97C2E0011185D /* Info.plist */,
			);
			path = CalculatorUITests;
			sourceTree = "<group>";
		};
/* End PBXGroup section */

/* Begin PBXNativeTarget section */
		98E9016025E97C2C0011185D /* Calculator */ = {
			isa = PBXNativeTarget;
			buildConfigurationList = 98E9018B25E97C2E0011185D /* Build configuration list for PBXNativeTarget "Calculator" */;
			buildPhases = (
				98E9015D25E97C2C0011185D /* Sources */,
				98E9015E25E97C2C0011185D /* Frameworks */,
				98E9015F25E97C2C0011185D /* Resources */,
			);
			buildRules = (
			);
			dependencies = (
			);
			name = Calculator;
			productName = Calculator;
			productReference = 98E9016125E97C2C0011185D /* Calculator.app */;
			productType = "com.apple.product-type.application";
		};
		98E9017625E97C2E0011185D /* CalculatorTests */ = {
			isa = PBXNativeTarget;
			buildConfigurationList = 98E9018E25E97C2E0011185D /* Build configuration list for PBXNativeTarget "CalculatorTests" */;
			buildPhases = (
				98E9017325E97C2E0011185D /* Sources */,
				98E9017425E97C2E0011185D /* Frameworks */,
				98E9017525E97C2E0011185D /* Resources */,
			);
			buildRules = (
			);
			dependencies = (
				98E9017925E97C2E0011185D /* PBXTargetDependency */,
			);
			name = CalculatorTests;
			productName = CalculatorTests;
			productReference = 98E9017725E97C2E0011185D /* CalculatorTests.xctest */;
			productType = "com.apple.product-type.bundle.unit-test";
		};
		98E9018125E97C2E0011185D /* CalculatorUITests */ = {
			isa = PBXNativeTarget;
			buildConfigurationList = 98E9019125E97C2E0011185D /* Build configuration list for PBXNativeTarget "CalculatorUITests" */;
			buildPhases = (
				98E9017E25E97C2E0011185D /* Sources */,
				98E9017F25E97C2E0011185D /* Frameworks */,
				98E9018025E97C2E0011185D /* Resources */,
			);
			buildRules = (
			);
			dependencies = (
				98E9018425E97C2E0011185D /* PBXTargetDependency */,
			);
			name = CalculatorUITests;
			productName = CalculatorUITests;
			productReference = 98E9018225E97C2E0011185D /* CalculatorUITests.xctest */;
			productType = "com.apple.product-type.bundle.ui-testing";
		};
/* End PBXNativeTarget section */

/* Begin PBXProject section */
		98E9015925E97C2C0011185D /* Project object */ = {
			isa = PBXProject;
			attributes = {
				LastSwiftUpdateCheck = 1130;
				LastUpgradeCheck = 1130;
				ORGANIZATIONNAME = Stdio;
				TargetAttributes = {
					98E9016025E97C2C0011185D = {
						CreatedOnToolsVersion = 11.3.1;
					};
					98E9017625E97C2E0011185D = {
						CreatedOnToolsVersion = 11.3.1;
						TestTargetID = 98E9016025E97C2C0011185D;
					};
					98E9018125E97C2E0011185D = {
						CreatedOnToolsVersion = 11.3.1;
						TestTargetID = 98E9016025E97C2C0011185D;
					};
				};
			};
			buildConfigurationList = 98E9015C25E97C2C0011185D /* Build configuration list for PBXProject "Calculator" */;
			compatibilityVersion = "Xcode 9.3";
			developmentRegion = en;
			hasScannedForEncodings = 0;
			knownRegions = (
				en,
				Base,
			);
			mainGroup = 98E9015825E97C2C0011185D;
			productRefGroup = 98E9016225E97C2C0011185D /* Products */;
			projectDirPath = "";
			projectRoot = "";
			targets = (
				98E9016025E97C2C0011185D /* Calculator */,
				98E9017625E97C2E0011185D /* CalculatorTests */,
				98E9018125E97C2E0011185D /* CalculatorUITests */,
			);
		};
/* End PBXProject section */

/* Begin PBXResourcesBuildPhase section */
		98E9015F25E97C2C0011185D /* Resources */ = {
			isa = PBXResourcesBuildPhase;
			buildActionMask = 2147483647;
			files = (
				98E9017125E97C2D0011185D /* LaunchScreen.storyboard in Resources */,
				98E9016E25E97C2D0011185D /* Assets.xcassets in Resources */,
				98E9016C25E97C2C0011185D /* Main.storyboard in Resources */,
			);
			runOnlyForDeploymentPostprocessing = 0;
		};
		98E9017525E97C2E0011185D /* Resources */ = {
			isa = PBXResourcesBuildPhase;
			buildActionMask = 2147483647;
			files = (
			);
			runOnlyForDeploymentPostprocessing = 0;
		};
		98E9018025E97C2E0011185D /* Resources */ = {
			isa = PBXResourcesBuildPhase;
			buildActionMask = 2147483647;
			files = (
			);
			runOnlyForDeploymentPostprocessing = 0;
		};
/* End PBXResourcesBuildPhase section */

/* Begin PBXSourcesBuildPhase section */
		98E9015D25E97C2C0011185D /* Sources */ = {
			isa = PBXSourcesBuildPhase;
			buildActionMask = 2147483647;
			files = (
				98E9016925E97C2C0011185D /* ViewController.swift in Sources */,
				98E9016525E97C2C0011185D /* AppDelegate.swift in Sources */,
				98E9016725E97C2C0011185D /* SceneDelegate.swift in Sources */,
			);
			runOnlyForDeploymentPostprocessing = 0;
		};
		98E9017325E97C2E0011185D /* Sources */ = {
			isa = PBXSourcesBuildPhase;
			buildActionMask = 2147483647;
			files = (
				98E9017C25E97C2E0011185D /* CalculatorTests.swift in Sources */,
			);
			runOnlyForDeploymentPostprocessing = 0;
		};
		98E9017E25E97C2E0011185D /* Sources */ = {
			isa = PBXSourcesBuildPhase;
			buildActionMask = 2147483647;
			files = (
				98E9018725E97C2E0011185D /* CalculatorUITests.swift in Sources */,
			);
			runOnlyForDeploymentPostprocessing = 0;
		};
/* End PBXSourcesBuildPhase section */

/* Begin PBXTargetDependency section */
		98E9017925E97C2E0011185D /* PBXTargetDependency */ = {
			isa = PBXTargetDependency;
			target = 98E9016025E97C2C0011185D /* Calculator */;
			targetProxy = 98E9017825E97C2E0011185D /* PBXContainerItemProxy */;
		};
		98E9018425E97C2E0011185D /* PBXTargetDependency */ = {
			isa = PBXTargetDependency;
			target = 98E9016025E97C2C0011185D /* Calculator */;
			targetProxy = 98E9018325E97C2E0011185D /* PBXContainerItemProxy */;
		};
/* End PBXTargetDependency section */

/* Begin PBXVariantGroup section */
		98E9016A25E97C2C0011185D /* Main.storyboard */ = {
			isa = PBXVariantGroup;
			children = (
				98E9016B25E97C2C0011185D /* Base */,
			);
			name = Main.storyboard;
			sourceTree = "<group>";
		};
		98E9016F25E97C2D0011185D /* LaunchScreen.storyboard */ = {
			isa = PBXVariantGroup;
			children = (
				98E9017025E97C2D0011185D /* Base */,
			);
			name = LaunchScreen.storyboard;
			sourceTree = "<group>";
		};
/* End PBXVariantGroup section */

/* Begin XCBuildConfiguration section */
		98E9018925E97C2E0011185D /* Debug */ = {
			isa = XCBuildConfiguration;
			buildSettings = {
				ALWAYS_SEARCH_USER_PATHS = NO;
				CLANG_ANALYZER_NONNULL = YES;
				CLANG_ANALYZER_NUMBER_OBJECT_CONVERSION = YES_AGGRESSIVE;
				CLANG_CXX_LANGUAGE_STANDARD = "gnu++14";
				CLANG_CXX_LIBRARY = "libc++";
				CLANG_ENABLE_MODULES = YES;
				CLANG_ENABLE_OBJC_ARC = YES;
				CLANG_ENABLE_OBJC_WEAK = YES;
				CLANG_WARN_BLOCK_CAPTURE_AUTORELEASING = YES;
				CLANG_WARN_BOOL_CONVERSION = YES;
				CLANG_WARN_COMMA = YES;
				CLANG_WARN_CONSTANT_CONVERSION = YES;
				CLANG_WARN_DEPRECATED_OBJC_IMPLEMENTATIONS = YES;
				CLANG_WARN_DIRECT_OBJC_ISA_USAGE = YES_ERROR;
				CLANG_WARN_DOCUMENTATION_COMMENTS = YES;
				CLANG_WARN_EMPTY_BODY = YES;
				CLANG_WARN_ENUM_CONVERSION = YES;
				CLANG_WARN_INFINITE_RECURSION = YES;
				CLANG_WARN_INT_CONVERSION = YES;
				CLANG_WARN_NON_LITERAL_NULL_CONVERSION = YES;
				CLANG_WARN_OBJC_IMPLICIT_RETAIN_SELF = YES;
				CLANG_WARN_OBJC_LITERAL_CONVERSION = YES;
				CLANG_WARN_OBJC_ROOT_CLASS = YES_ERROR;
				CLANG_WARN_RANGE_LOOP_ANALYSIS = YES;
				CLANG_WARN_STRICT_PROTOTYPES = YES;
				CLANG_WARN_SUSPICIOUS_MOVE = YES;
				CLANG_WARN_UNGUARDED_AVAILABILITY = YES_AGGRESSIVE;
				CLANG_WARN_UNREACHABLE_CODE = YES;
				CLANG_WARN__DUPLICATE_METHOD_MATCH = YES;
				COPY_PHASE_STRIP = NO;
				DEBUG_INFORMATION_FORMAT = dwarf;
				ENABLE_STRICT_OBJC_MSGSEND = YES;
				ENABLE_TESTABILITY = YES;
				GCC_C_LANGUAGE_STANDARD = gnu11;
				GCC_DYNAMIC_NO_PIC = NO;
				GCC_NO_COMMON_BLOCKS = YES;
				GCC_OPTIMIZATION_LEVEL = 0;
				GCC_PREPROCESSOR_DEFINITIONS = (
					"DEBUG=1",
					"$(inherited)",
				);
				GCC_WARN_64_TO_32_BIT_CONVERSION = YES;
				GCC_WARN_ABOUT_RETURN_TYPE = YES_ERROR;
				GCC_WARN_UNDECLARED_SELECTOR = YES;
				GCC_WARN_UNINITIALIZED_AUTOS = YES_AGGRESSIVE;
				GCC_WARN_UNUSED_FUNCTION = YES;
				GCC_WARN_UNUSED_VARIABLE = YES;
				IPHONEOS_DEPLOYMENT_TARGET = 13.2;
				MTL_ENABLE_DEBUG_INFO = INCLUDE_SOURCE;
				MTL_FAST_MATH = YES;
				ONLY_ACTIVE_ARCH = YES;
				SDKROOT = iphoneos;
				SWIFT_ACTIVE_COMPILATION_CONDITIONS = DEBUG;
				SWIFT_OPTIMIZATION_LEVEL = "-Onone";
			};
			name = Debug;
		};
		98E9018A25E97C2E0011185D /* Release */ = {
			isa = XCBuildConfiguration;
			buildSettings = {
				ALWAYS_SEARCH_USER_PATHS = NO;
				CLANG_ANALYZER_NONNULL = YES;
				CLANG_ANALYZER_NUMBER_OBJECT_CONVERSION = YES_AGGRESSIVE;
				CLANG_CXX_LANGUAGE_STANDARD = "gnu++14";
				CLANG_CXX_LIBRARY = "libc++";
				CLANG_ENABLE_MODULES = YES;
				CLANG_ENABLE_OBJC_ARC = YES;
				CLANG_ENABLE_OBJC_WEAK = YES;
				CLANG_WARN_BLOCK_CAPTURE_AUTORELEASING = YES;
				CLANG_WARN_BOOL_CONVERSION = YES;
				CLANG_WARN_COMMA = YES;
				CLANG_WARN_CONSTANT_CONVERSION = YES;
				CLANG_WARN_DEPRECATED_OBJC_IMPLEMENTATIONS = YES;
				CLANG_WARN_DIRECT_OBJC_ISA_USAGE = YES_ERROR;
				CLANG_WARN_DOCUMENTATION_COMMENTS = YES;
				CLANG_WARN_EMPTY_BODY = YES;
				CLANG_WARN_ENUM_CONVERSION = YES;
				CLANG_WARN_INFINITE_RECURSION = YES;
				CLANG_WARN_INT_CONVERSION = YES;
				CLANG_WARN_NON_LITERAL_NULL_CONVERSION = YES;
				CLANG_WARN_OBJC_IMPLICIT_RETAIN_SELF = YES;
				CLANG_WARN_OBJC_LITERAL_CONVERSION = YES;
				CLANG_WARN_OBJC_ROOT_CLASS = YES_ERROR;
				CLANG_WARN_RANGE_LOOP_ANALYSIS = YES;
				CLANG_WARN_STRICT_PROTOTYPES = YES;
				CLANG_WARN_SUSPICIOUS_MOVE = YES;
				CLANG_WARN_UNGUARDED_AVAILABILITY = YES_AGGRESSIVE;
				CLANG_WARN_UNREACHABLE_CODE = YES;
				CLANG_WARN__DUPLICATE_METHOD_MATCH = YES;
				COPY_PHASE_STRIP = NO;
				DEBUG_INFORMATION_FORMAT = "dwarf-with-dsym";
				ENABLE_NS_ASSERTIONS = NO;
				ENABLE_STRICT_OBJC_MSGSEND = YES;
				GCC_C_LANGUAGE_STANDARD = gnu11;
				GCC_NO_COMMON_BLOCKS = YES;
				GCC_WARN_64_TO_32_BIT_CONVERSION = YES;
				GCC_WARN_ABOUT_RETURN_TYPE = YES_ERROR;
				GCC_WARN_UNDECLARED_SELECTOR = YES;
				GCC_WARN_UNINITIALIZED_AUTOS = YES_AGGRESSIVE;
				GCC_WARN_UNUSED_FUNCTION = YES;
				GCC_WARN_UNUSED_VARIABLE = YES;
				IPHONEOS_DEPLOYMENT_TARGET = 13.2;
				MTL_ENABLE_DEBUG_INFO = NO;
				MTL_FAST_MATH = YES;
				SDKROOT = iphoneos;
				SWIFT_COMPILATION_MODE = wholemodule;
				SWIFT_OPTIMIZATION_LEVEL = "-O";
				VALIDATE_PRODUCT = YES;
			};
			name = Release;
		};
		98E9018C25E97C2E0011185D /* Debug */ = {
			isa = XCBuildConfiguration;
			buildSettings = {
				ASSETCATALOG_COMPILER_APPICON_NAME = AppIcon;
				CODE_SIGN_STYLE = Automatic;
				INFOPLIST_FILE = Calculator/Info.plist;
				LD_RUNPATH_SEARCH_PATHS = (
					"$(inherited)",
					"@executable_path/Frameworks",
				);
				PRODUCT_BUNDLE_IDENTIFIER = com.stdio.Calculator;
				PRODUCT_NAME = "$(TARGET_NAME)";
				SWIFT_VERSION = 5.0;
				TARGETED_DEVICE_FAMILY = "1,2";
			};
			name = Debug;
		};
		98E9018D25E97C2E0011185D /* Release */ = {
			isa = XCBuildConfiguration;
			buildSettings = {
				ASSETCATALOG_COMPILER_APPICON_NAME = AppIcon;
				CODE_SIGN_STYLE = Automatic;
				INFOPLIST_FILE = Calculator/Info.plist;
				LD_RUNPATH_SEARCH_PATHS = (
					"$(inherited)",
					"@executable_path/Frameworks",
				);
				PRODUCT_BUNDLE_IDENTIFIER = com.stdio.Calculator;
				PRODUCT_NAME = "$(TARGET_NAME)";
				SWIFT_VERSION = 5.0;
				TARGETED_DEVICE_FAMILY = "1,2";
			};
			name = Release;
		};
		98E9018F25E97C2E0011185D /* Debug */ = {
			isa = XCBuildConfiguration;
			buildSettings = {
				ALWAYS_EMBED_SWIFT_STANDARD_LIBRARIES = YES;
				BUNDLE_LOADER = "$(TEST_HOST)";
				CODE_SIGN_STYLE = Automatic;
				INFOPLIST_FILE = CalculatorTests/Info.plist;
				IPHONEOS_DEPLOYMENT_TARGET = 13.2;
				LD_RUNPATH_SEARCH_PATHS = (
					"$(inherited)",
					"@executable_path/Frameworks",
					"@loader_path/Frameworks",
				);
				PRODUCT_BUNDLE_IDENTIFIER = com.stdio.CalculatorTests;
				PRODUCT_NAME = "$(TARGET_NAME)";
				SWIFT_VERSION = 5.0;
				TARGETED_DEVICE_FAMILY = "1,2";
				TEST_HOST = "$(BUILT_PRODUCTS_DIR)/Calculator.app/Calculator";
			};
			name = Debug;
		};
		98E9019025E97C2E0011185D /* Release */ = {
			isa = XCBuildConfiguration;
			buildSettings = {
				ALWAYS_EMBED_SWIFT_STANDARD_LIBRARIES = YES;
				BUNDLE_LOADER = "$(TEST_HOST)";
				CODE_SIGN_STYLE = Automatic;
				INFOPLIST_FILE = CalculatorTests/Info.plist;
				IPHONEOS_DEPLOYMENT_TARGET = 13.2;
				LD_RUNPATH_SEARCH_PATHS = (
					"$(inherited)",
					"@executable_path/Frameworks",
					"@loader_path/Frameworks",
				);
				PRODUCT_BUNDLE_IDENTIFIER = com.stdio.CalculatorTests;
				PRODUCT_NAME = "$(TARGET_NAME)";
				SWIFT_VERSION = 5.0;
				TARGETED_DEVICE_FAMILY = "1,2";
				TEST_HOST = "$(BUILT_PRODUCTS_DIR)/Calculator.app/Calculator";
			};
			name = Release;
		};
		98E9019225E97C2E0011185D /* Debug */ = {
			isa = XCBuildConfiguration;
			buildSettings = {
				ALWAYS_EMBED_SWIFT_STANDARD_LIBRARIES = YES;
				CODE_SIGN_STYLE = Automatic;
				INFOPLIST_FILE = CalculatorUITests/Info.plist;
				LD_RUNPATH_SEARCH_PATHS = (
					"$(inherited)",
					"@executable_path/Frameworks",
					"@loader_path/Frameworks",
				);
				PRODUCT_BUNDLE_IDENTIFIER = com.stdio.CalculatorUITests;
				PRODUCT_NAME = "$(TARGET_NAME)";
				SWIFT_VERSION = 5.0;
				TARGETED_DEVICE_FAMILY = "1,2";
				TEST_TARGET_NAME = Calculator;
			};
			name = Debug;
		};
		98E9019325E97C2E0011185D /* Release */ = {
			isa = XCBuildConfiguration;
			buildSettings = {
				ALWAYS_EMBED_SWIFT_STANDARD_LIBRARIES = YES;
				CODE_SIGN_STYLE = Automatic;
				INFOPLIST_FILE = CalculatorUITests/Info.plist;
				LD_RUNPATH_SEARCH_PATHS = (
					"$(inherited)",
					"@executable_path/Frameworks",
					"@loader_path/Frameworks",
				);
				PRODUCT_BUNDLE_IDENTIFIER = com.stdio.CalculatorUITests;
				PRODUCT_NAME = "$(TARGET_NAME)";
				SWIFT_VERSION = 5.0;
				TARGETED_DEVICE_FAMILY = "1,2";
				TEST_TARGET_NAME = Calculator;
			};
			name = Release;
		};
/* End XCBuildConfiguration section */

/* Begin XCConfigurationList section */
		98E9015C25E97C2C0011185D /* Build configuration list for PBXProject "Calculator" */ = {
			isa = XCConfigurationList;
			buildConfigurations = (
				98E9018925E97C2E0011185D /* Debug */,
				98E9018A25E97C2E0011185D /* Release */,
			);
			defaultConfigurationIsVisible = 0;
			defaultConfigurationName = Release;
		};
		98E9018B25E97C2E0011185D /* Build configuration list for PBXNativeTarget "Calculator" */ = {
			isa = XCConfigurationList;
			buildConfigurations = (
				98E9018C25E97C2E0011185D /* Debug */,
				98E9018D25E97C2E0011185D /* Release */,
			);
			defaultConfigurationIsVisible = 0;
			defaultConfigurationName = Release;
		};
		98E9018E25E97C2E0011185D /* Build configuration list for PBXNativeTarget "CalculatorTests" */ = {
			isa = XCConfigurationList;
			buildConfigurations = (
				98E9018F25E97C2E0011185D /* Debug */,
				98E9019025E97C2E0011185D /* Release */,
			);
			defaultConfigurationIsVisible = 0;
			defaultConfigurationName = Release;
		};
		98E9019125E97C2E0011185D /* Build configuration list for PBXNativeTarget "CalculatorUITests" */ = {
			isa = XCConfigurationList;
			buildConfigurations = (
				98E9019225E97C2E0011185D /* Debug */,
				98E9019325E97C2E0011185D /* Release */,
			);
			defaultConfigurationIsVisible = 0;
			defaultConfigurationName = Release;
		};
/* End XCConfigurationList section */
	};
	rootObject = 98E9015925E97C2C0011185D /* Project object */;
}
